// !$*UTF8*$!
{
	archiveVersion = 1;
	classes = {
	};
	objectVersion = 46;
	objects = {

/* Begin PBXBuildFile section */
		D06203011A07BD82001222A9 /* main.m in Sources */ = {isa = PBXBuildFile; fileRef = D06203001A07BD82001222A9 /* main.m */; };
		D06203041A07BD82001222A9 /* AppDelegate.m in Sources */ = {isa = PBXBuildFile; fileRef = D06203031A07BD82001222A9 /* AppDelegate.m */; };
		D06203071A07BD82001222A9 /* ViewController.m in Sources */ = {isa = PBXBuildFile; fileRef = D06203061A07BD82001222A9 /* ViewController.m */; };
		D062030A1A07BD82001222A9 /* Main.storyboard in Resources */ = {isa = PBXBuildFile; fileRef = D06203081A07BD82001222A9 /* Main.storyboard */; };
		D062030C1A07BD82001222A9 /* Images.xcassets in Resources */ = {isa = PBXBuildFile; fileRef = D062030B1A07BD82001222A9 /* Images.xcassets */; };
		D062030F1A07BD82001222A9 /* LaunchScreen.xib in Resources */ = {isa = PBXBuildFile; fileRef = D062030D1A07BD82001222A9 /* LaunchScreen.xib */; };
		D06203271A07BDF8001222A9 /* RTWalkthroughViewController.m in Sources */ = {isa = PBXBuildFile; fileRef = D06203261A07BDF8001222A9 /* RTWalkthroughViewController.m */; };
		D062032A1A07BE27001222A9 /* RTWalkthroughPageViewController.m in Sources */ = {isa = PBXBuildFile; fileRef = D06203291A07BE27001222A9 /* RTWalkthroughPageViewController.m */; };
		D062032D1A07BEB6001222A9 /* Walkthrough.storyboard in Resources */ = {isa = PBXBuildFile; fileRef = D062032B1A07BEB6001222A9 /* Walkthrough.storyboard */; };
		D06203381A07BEE2001222A9 /* bg@2x.jpg in Resources */ = {isa = PBXBuildFile; fileRef = D062032F1A07BEE2001222A9 /* bg@2x.jpg */; };
		D06203391A07BEE2001222A9 /* img3@2x.png in Resources */ = {isa = PBXBuildFile; fileRef = D06203301A07BEE2001222A9 /* img3@2x.png */; };
		D062033A1A07BEE2001222A9 /* iPhone@2x.png in Resources */ = {isa = PBXBuildFile; fileRef = D06203311A07BEE2001222A9 /* iPhone@2x.png */; };
		D062033B1A07BEE2001222A9 /* leftarrow@2x.png in Resources */ = {isa = PBXBuildFile; fileRef = D06203321A07BEE2001222A9 /* leftarrow@2x.png */; };
		D062033C1A07BEE2001222A9 /* rightarrow@2x.png in Resources */ = {isa = PBXBuildFile; fileRef = D06203331A07BEE2001222A9 /* rightarrow@2x.png */; };
		D062033D1A07BEE2001222A9 /* cloud1@2x.png in Resources */ = {isa = PBXBuildFile; fileRef = D06203351A07BEE2001222A9 /* cloud1@2x.png */; };
		D062033E1A07BEE2001222A9 /* cloud3@2x.png in Resources */ = {isa = PBXBuildFile; fileRef = D06203361A07BEE2001222A9 /* cloud3@2x.png */; };
		D062033F1A07BEE2001222A9 /* iPhoneScreen@2x.png in Resources */ = {isa = PBXBuildFile; fileRef = D06203371A07BEE2001222A9 /* iPhoneScreen@2x.png */; };
		D06203421A08ED37001222A9 /* RTCustomPageViewController.m in Sources */ = {isa = PBXBuildFile; fileRef = D06203411A08ED37001222A9 /* RTCustomPageViewController.m */; };
/* End PBXBuildFile section */

/* Begin PBXFileReference section */
		D06202FB1A07BD82001222A9 /* Walkthrough.app */ = {isa = PBXFileReference; explicitFileType = wrapper.application; includeInIndex = 0; path = Walkthrough.app; sourceTree = BUILT_PRODUCTS_DIR; };
		D06202FF1A07BD82001222A9 /* Info.plist */ = {isa = PBXFileReference; lastKnownFileType = text.plist.xml; path = Info.plist; sourceTree = "<group>"; };
		D06203001A07BD82001222A9 /* main.m */ = {isa = PBXFileReference; lastKnownFileType = sourcecode.c.objc; path = main.m; sourceTree = "<group>"; };
		D06203021A07BD82001222A9 /* AppDelegate.h */ = {isa = PBXFileReference; lastKnownFileType = sourcecode.c.h; path = AppDelegate.h; sourceTree = "<group>"; };
		D06203031A07BD82001222A9 /* AppDelegate.m */ = {isa = PBXFileReference; lastKnownFileType = sourcecode.c.objc; path = AppDelegate.m; sourceTree = "<group>"; };
		D06203051A07BD82001222A9 /* ViewController.h */ = {isa = PBXFileReference; lastKnownFileType = sourcecode.c.h; path = ViewController.h; sourceTree = "<group>"; };
		D06203061A07BD82001222A9 /* ViewController.m */ = {isa = PBXFileReference; lastKnownFileType = sourcecode.c.objc; path = ViewController.m; sourceTree = "<group>"; };
		D06203091A07BD82001222A9 /* Base */ = {isa = PBXFileReference; lastKnownFileType = file.storyboard; name = Base; path = Base.lproj/Main.storyboard; sourceTree = "<group>"; };
		D062030B1A07BD82001222A9 /* Images.xcassets */ = {isa = PBXFileReference; lastKnownFileType = folder.assetcatalog; path = Images.xcassets; sourceTree = "<group>"; };
		D062030E1A07BD82001222A9 /* Base */ = {isa = PBXFileReference; lastKnownFileType = file.xib; name = Base; path = Base.lproj/LaunchScreen.xib; sourceTree = "<group>"; };
		D06203251A07BDF8001222A9 /* RTWalkthroughViewController.h */ = {isa = PBXFileReference; fileEncoding = 4; lastKnownFileType = sourcecode.c.h; path = RTWalkthroughViewController.h; sourceTree = "<group>"; };
		D06203261A07BDF8001222A9 /* RTWalkthroughViewController.m */ = {isa = PBXFileReference; fileEncoding = 4; lastKnownFileType = sourcecode.c.objc; path = RTWalkthroughViewController.m; sourceTree = "<group>"; };
		D06203281A07BE27001222A9 /* RTWalkthroughPageViewController.h */ = {isa = PBXFileReference; fileEncoding = 4; lastKnownFileType = sourcecode.c.h; path = RTWalkthroughPageViewController.h; sourceTree = "<group>"; };
		D06203291A07BE27001222A9 /* RTWalkthroughPageViewController.m */ = {isa = PBXFileReference; fileEncoding = 4; lastKnownFileType = sourcecode.c.objc; path = RTWalkthroughPageViewController.m; sourceTree = "<group>"; };
		D062032C1A07BEB6001222A9 /* Base */ = {isa = PBXFileReference; lastKnownFileType = file.storyboard; name = Base; path = Base.lproj/Walkthrough.storyboard; sourceTree = "<group>"; };
		D062032F1A07BEE2001222A9 /* bg@2x.jpg */ = {isa = PBXFileReference; lastKnownFileType = image.jpeg; path = "bg@2x.jpg"; sourceTree = "<group>"; };
		D06203301A07BEE2001222A9 /* img3@2x.png */ = {isa = PBXFileReference; lastKnownFileType = image.png; path = "img3@2x.png"; sourceTree = "<group>"; };
		D06203311A07BEE2001222A9 /* iPhone@2x.png */ = {isa = PBXFileReference; lastKnownFileType = image.png; path = "iPhone@2x.png"; sourceTree = "<group>"; };
		D06203321A07BEE2001222A9 /* leftarrow@2x.png */ = {isa = PBXFileReference; lastKnownFileType = image.png; path = "leftarrow@2x.png"; sourceTree = "<group>"; };
		D06203331A07BEE2001222A9 /* rightarrow@2x.png */ = {isa = PBXFileReference; lastKnownFileType = image.png; path = "rightarrow@2x.png"; sourceTree = "<group>"; };
		D06203351A07BEE2001222A9 /* cloud1@2x.png */ = {isa = PBXFileReference; lastKnownFileType = image.png; path = "cloud1@2x.png"; sourceTree = "<group>"; };
		D06203361A07BEE2001222A9 /* cloud3@2x.png */ = {isa = PBXFileReference; lastKnownFileType = image.png; path = "cloud3@2x.png"; sourceTree = "<group>"; };
		D06203371A07BEE2001222A9 /* iPhoneScreen@2x.png */ = {isa = PBXFileReference; lastKnownFileType = image.png; path = "iPhoneScreen@2x.png"; sourceTree = "<group>"; };
		D06203401A08ED37001222A9 /* RTCustomPageViewController.h */ = {isa = PBXFileReference; fileEncoding = 4; lastKnownFileType = sourcecode.c.h; path = RTCustomPageViewController.h; sourceTree = "<group>"; };
		D06203411A08ED37001222A9 /* RTCustomPageViewController.m */ = {isa = PBXFileReference; fileEncoding = 4; lastKnownFileType = sourcecode.c.objc; path = RTCustomPageViewController.m; sourceTree = "<group>"; };
/* End PBXFileReference section */

/* Begin PBXFrameworksBuildPhase section */
		D06202F81A07BD82001222A9 /* Frameworks */ = {
			isa = PBXFrameworksBuildPhase;
			buildActionMask = 2147483647;
			files = (
			);
			runOnlyForDeploymentPostprocessing = 0;
		};
/* End PBXFrameworksBuildPhase section */

/* Begin PBXGroup section */
		D06202F21A07BD82001222A9 = {
			isa = PBXGroup;
			children = (
				D06203241A07BDCD001222A9 /* RTWalkthrough */,
				D06202FD1A07BD82001222A9 /* Walkthrough */,
				D06202FC1A07BD82001222A9 /* Products */,
			);
			sourceTree = "<group>";
		};
		D06202FC1A07BD82001222A9 /* Products */ = {
			isa = PBXGroup;
			children = (
				D06202FB1A07BD82001222A9 /* Walkthrough.app */,
			);
			name = Products;
			sourceTree = "<group>";
		};
		D06202FD1A07BD82001222A9 /* Walkthrough */ = {
			isa = PBXGroup;
			children = (
				D062032E1A07BEC4001222A9 /* assets */,
				D06203021A07BD82001222A9 /* AppDelegate.h */,
				D06203031A07BD82001222A9 /* AppDelegate.m */,
				D06203051A07BD82001222A9 /* ViewController.h */,
				D06203061A07BD82001222A9 /* ViewController.m */,
				D06203401A08ED37001222A9 /* RTCustomPageViewController.h */,
				D06203411A08ED37001222A9 /* RTCustomPageViewController.m */,
				D06203081A07BD82001222A9 /* Main.storyboard */,
				D062032B1A07BEB6001222A9 /* Walkthrough.storyboard */,
				D062030B1A07BD82001222A9 /* Images.xcassets */,
				D062030D1A07BD82001222A9 /* LaunchScreen.xib */,
				D06202FE1A07BD82001222A9 /* Supporting Files */,
			);
			path = Walkthrough;
			sourceTree = "<group>";
		};
		D06202FE1A07BD82001222A9 /* Supporting Files */ = {
			isa = PBXGroup;
			children = (
				D06202FF1A07BD82001222A9 /* Info.plist */,
				D06203001A07BD82001222A9 /* main.m */,
			);
			name = "Supporting Files";
			sourceTree = "<group>";
		};
		D06203241A07BDCD001222A9 /* RTWalkthrough */ = {
			isa = PBXGroup;
			children = (
				D06203251A07BDF8001222A9 /* RTWalkthroughViewController.h */,
				D06203261A07BDF8001222A9 /* RTWalkthroughViewController.m */,
				D06203281A07BE27001222A9 /* RTWalkthroughPageViewController.h */,
				D06203291A07BE27001222A9 /* RTWalkthroughPageViewController.m */,
			);
			path = RTWalkthrough;
			sourceTree = "<group>";
		};
		D062032E1A07BEC4001222A9 /* assets */ = {
			isa = PBXGroup;
			children = (
				D062032F1A07BEE2001222A9 /* bg@2x.jpg */,
				D06203301A07BEE2001222A9 /* img3@2x.png */,
				D06203311A07BEE2001222A9 /* iPhone@2x.png */,
				D06203321A07BEE2001222A9 /* leftarrow@2x.png */,
				D06203331A07BEE2001222A9 /* rightarrow@2x.png */,
				D06203341A07BEE2001222A9 /* tiles */,
			);
			name = assets;
			sourceTree = "<group>";
		};
		D06203341A07BEE2001222A9 /* tiles */ = {
			isa = PBXGroup;
			children = (
				D06203351A07BEE2001222A9 /* cloud1@2x.png */,
				D06203361A07BEE2001222A9 /* cloud3@2x.png */,
				D06203371A07BEE2001222A9 /* iPhoneScreen@2x.png */,
			);
			path = tiles;
			sourceTree = "<group>";
		};
/* End PBXGroup section */

/* Begin PBXNativeTarget section */
		D06202FA1A07BD82001222A9 /* Walkthrough */ = {
			isa = PBXNativeTarget;
			buildConfigurationList = D062031E1A07BD82001222A9 /* Build configuration list for PBXNativeTarget "Walkthrough" */;
			buildPhases = (
				D06202F71A07BD82001222A9 /* Sources */,
				D06202F81A07BD82001222A9 /* Frameworks */,
				D06202F91A07BD82001222A9 /* Resources */,
			);
			buildRules = (
			);
			dependencies = (
			);
			name = Walkthrough;
			productName = Walkthrough;
			productReference = D06202FB1A07BD82001222A9 /* Walkthrough.app */;
			productType = "com.apple.product-type.application";
		};
/* End PBXNativeTarget section */

/* Begin PBXProject section */
		D06202F31A07BD82001222A9 /* Project object */ = {
			isa = PBXProject;
			attributes = {
				CLASSPREFIX = RT;
				LastUpgradeCheck = 0610;
				ORGANIZATIONNAME = "Radiant Tap";
				TargetAttributes = {
					D06202FA1A07BD82001222A9 = {
						CreatedOnToolsVersion = 6.1;
					};
				};
			};
			buildConfigurationList = D06202F61A07BD82001222A9 /* Build configuration list for PBXProject "Walkthrough" */;
			compatibilityVersion = "Xcode 3.2";
			developmentRegion = English;
			hasScannedForEncodings = 0;
			knownRegions = (
				en,
				Base,
			);
			mainGroup = D06202F21A07BD82001222A9;
			productRefGroup = D06202FC1A07BD82001222A9 /* Products */;
			projectDirPath = "";
			projectRoot = "";
			targets = (
				D06202FA1A07BD82001222A9 /* Walkthrough */,
			);
		};
/* End PBXProject section */

/* Begin PBXResourcesBuildPhase section */
		D06202F91A07BD82001222A9 /* Resources */ = {
			isa = PBXResourcesBuildPhase;
			buildActionMask = 2147483647;
			files = (
				D062030A1A07BD82001222A9 /* Main.storyboard in Resources */,
				D062032D1A07BEB6001222A9 /* Walkthrough.storyboard in Resources */,
				D06203391A07BEE2001222A9 /* img3@2x.png in Resources */,
				D062033B1A07BEE2001222A9 /* leftarrow@2x.png in Resources */,
				D062030F1A07BD82001222A9 /* LaunchScreen.xib in Resources */,
				D062030C1A07BD82001222A9 /* Images.xcassets in Resources */,
				D062033D1A07BEE2001222A9 /* cloud1@2x.png in Resources */,
				D062033F1A07BEE2001222A9 /* iPhoneScreen@2x.png in Resources */,
				D062033A1A07BEE2001222A9 /* iPhone@2x.png in Resources */,
				D06203381A07BEE2001222A9 /* bg@2x.jpg in Resources */,
				D062033C1A07BEE2001222A9 /* rightarrow@2x.png in Resources */,
				D062033E1A07BEE2001222A9 /* cloud3@2x.png in Resources */,
			);
			runOnlyForDeploymentPostprocessing = 0;
		};
/* End PBXResourcesBuildPhase section */

/* Begin PBXSourcesBuildPhase section */
		D06202F71A07BD82001222A9 /* Sources */ = {
			isa = PBXSourcesBuildPhase;
			buildActionMask = 2147483647;
			files = (
				D06203421A08ED37001222A9 /* RTCustomPageViewController.m in Sources */,
				D06203071A07BD82001222A9 /* ViewController.m in Sources */,
				D062032A1A07BE27001222A9 /* RTWalkthroughPageViewController.m in Sources */,
				D06203271A07BDF8001222A9 /* RTWalkthroughViewController.m in Sources */,
				D06203041A07BD82001222A9 /* AppDelegate.m in Sources */,
				D06203011A07BD82001222A9 /* main.m in Sources */,
			);
			runOnlyForDeploymentPostprocessing = 0;
		};
/* End PBXSourcesBuildPhase section */

/* Begin PBXVariantGroup section */
		D06203081A07BD82001222A9 /* Main.storyboard */ = {
			isa = PBXVariantGroup;
			children = (
				D06203091A07BD82001222A9 /* Base */,
			);
			name = Main.storyboard;
			sourceTree = "<group>";
		};
		D062030D1A07BD82001222A9 /* LaunchScreen.xib */ = {
			isa = PBXVariantGroup;
			children = (
				D062030E1A07BD82001222A9 /* Base */,
			);
			name = LaunchScreen.xib;
			sourceTree = "<group>";
		};
		D062032B1A07BEB6001222A9 /* Walkthrough.storyboard */ = {
			isa = PBXVariantGroup;
			children = (
				D062032C1A07BEB6001222A9 /* Base */,
			);
			name = Walkthrough.storyboard;
			sourceTree = "<group>";
		};
/* End PBXVariantGroup section */

/* Begin XCBuildConfiguration section */
		D062031C1A07BD82001222A9 /* Debug */ = {
			isa = XCBuildConfiguration;
			buildSettings = {
				ALWAYS_SEARCH_USER_PATHS = NO;
				CLANG_CXX_LANGUAGE_STANDARD = "gnu++0x";
				CLANG_CXX_LIBRARY = "libc++";
				CLANG_ENABLE_MODULES = YES;
				CLANG_ENABLE_OBJC_ARC = YES;
				CLANG_WARN_BOOL_CONVERSION = YES;
				CLANG_WARN_CONSTANT_CONVERSION = YES;
				CLANG_WARN_DIRECT_OBJC_ISA_USAGE = YES_ERROR;
				CLANG_WARN_EMPTY_BODY = YES;
				CLANG_WARN_ENUM_CONVERSION = YES;
				CLANG_WARN_INT_CONVERSION = YES;
				CLANG_WARN_OBJC_ROOT_CLASS = YES_ERROR;
				CLANG_WARN_UNREACHABLE_CODE = YES;
				CLANG_WARN__DUPLICATE_METHOD_MATCH = YES;
				"CODE_SIGN_IDENTITY[sdk=iphoneos*]" = "iPhone Developer";
				COPY_PHASE_STRIP = NO;
				ENABLE_STRICT_OBJC_MSGSEND = YES;
				GCC_C_LANGUAGE_STANDARD = gnu99;
				GCC_DYNAMIC_NO_PIC = NO;
				GCC_OPTIMIZATION_LEVEL = 0;
				GCC_PREPROCESSOR_DEFINITIONS = (
					"DEBUG=1",
					"$(inherited)",
				);
				GCC_SYMBOLS_PRIVATE_EXTERN = NO;
				GCC_WARN_64_TO_32_BIT_CONVERSION = YES;
				GCC_WARN_ABOUT_RETURN_TYPE = YES_ERROR;
				GCC_WARN_UNDECLARED_SELECTOR = YES;
				GCC_WARN_UNINITIALIZED_AUTOS = YES_AGGRESSIVE;
				GCC_WARN_UNUSED_FUNCTION = YES;
				GCC_WARN_UNUSED_VARIABLE = YES;
				IPHONEOS_DEPLOYMENT_TARGET = 8.1;
				MTL_ENABLE_DEBUG_INFO = YES;
				ONLY_ACTIVE_ARCH = YES;
				SDKROOT = iphoneos;
				TARGETED_DEVICE_FAMILY = "1,2";
			};
			name = Debug;
		};
		D062031D1A07BD82001222A9 /* Release */ = {
			isa = XCBuildConfiguration;
			buildSettings = {
				ALWAYS_SEARCH_USER_PATHS = NO;
				CLANG_CXX_LANGUAGE_STANDARD = "gnu++0x";
				CLANG_CXX_LIBRARY = "libc++";
				CLANG_ENABLE_MODULES = YES;
				CLANG_ENABLE_OBJC_ARC = YES;
				CLANG_WARN_BOOL_CONVERSION = YES;
				CLANG_WARN_CONSTANT_CONVERSION = YES;
				CLANG_WARN_DIRECT_OBJC_ISA_USAGE = YES_ERROR;
				CLANG_WARN_EMPTY_BODY = YES;
				CLANG_WARN_ENUM_CONVERSION = YES;
				CLANG_WARN_INT_CONVERSION = YES;
				CLANG_WARN_OBJC_ROOT_CLASS = YES_ERROR;
				CLANG_WARN_UNREACHABLE_CODE = YES;
				CLANG_WARN__DUPLICATE_METHOD_MATCH = YES;
				"CODE_SIGN_IDENTITY[sdk=iphoneos*]" = "iPhone Developer";
				COPY_PHASE_STRIP = YES;
				ENABLE_NS_ASSERTIONS = NO;
				ENABLE_STRICT_OBJC_MSGSEND = YES;
				GCC_C_LANGUAGE_STANDARD = gnu99;
				GCC_WARN_64_TO_32_BIT_CONVERSION = YES;
				GCC_WARN_ABOUT_RETURN_TYPE = YES_ERROR;
				GCC_WARN_UNDECLARED_SELECTOR = YES;
				GCC_WARN_UNINITIALIZED_AUTOS = YES_AGGRESSIVE;
				GCC_WARN_UNUSED_FUNCTION = YES;
				GCC_WARN_UNUSED_VARIABLE = YES;
				IPHONEOS_DEPLOYMENT_TARGET = 8.1;
				MTL_ENABLE_DEBUG_INFO = NO;
				SDKROOT = iphoneos;
				TARGETED_DEVICE_FAMILY = "1,2";
				VALIDATE_PRODUCT = YES;
			};
			name = Release;
		};
		D062031F1A07BD82001222A9 /* Debug */ = {
			isa = XCBuildConfiguration;
			buildSettings = {
				ASSETCATALOG_COMPILER_APPICON_NAME = AppIcon;
				INFOPLIST_FILE = Walkthrough/Info.plist;
				LD_RUNPATH_SEARCH_PATHS = "$(inherited) @executable_path/Frameworks";
				PRODUCT_NAME = "$(TARGET_NAME)";
			};
			name = Debug;
		};
		D06203201A07BD82001222A9 /* Release */ = {
			isa = XCBuildConfiguration;
			buildSettings = {
				ASSETCATALOG_COMPILER_APPICON_NAME = AppIcon;
				INFOPLIST_FILE = Walkthrough/Info.plist;
				LD_RUNPATH_SEARCH_PATHS = "$(inherited) @executable_path/Frameworks";
				PRODUCT_NAME = "$(TARGET_NAME)";
			};
			name = Release;
		};
/* End XCBuildConfiguration section */

/* Begin XCConfigurationList section */
		D06202F61A07BD82001222A9 /* Build configuration list for PBXProject "Walkthrough" */ = {
			isa = XCConfigurationList;
			buildConfigurations = (
				D062031C1A07BD82001222A9 /* Debug */,
				D062031D1A07BD82001222A9 /* Release */,
			);
			defaultConfigurationIsVisible = 0;
			defaultConfigurationName = Release;
		};
		D062031E1A07BD82001222A9 /* Build configuration list for PBXNativeTarget "Walkthrough" */ = {
			isa = XCConfigurationList;
			buildConfigurations = (
				D062031F1A07BD82001222A9 /* Debug */,
				D06203201A07BD82001222A9 /* Release */,
			);
			defaultConfigurationIsVisible = 0;
			defaultConfigurationName = Release;
		};
/* End XCConfigurationList section */
	};
	rootObject = D06202F31A07BD82001222A9 /* Project object */;
}
